
Microsoft Visual Studio Solution File, Format Version 12.00
# Visual Studio Version 17
VisualStudioVersion = 17.11.35327.3
MinimumVisualStudioVersion = 10.0.40219.1
Project("{FAE04EC0-301F-11D3-BF4B-00C04F79EFBC}") = "WebApp", "WebApp\WebApp.csproj", "{7852F631-6714-4D63-91F9-CB8650A577F1}"
EndProject
Global
	GlobalSection(SolutionConfigurationPlatforms) = preSolution
		Debug|Any CPU = Debug|Any CPU
		Release|Any CPU = Release|Any CPU
	EndGlobalSection
	GlobalSection(ProjectConfigurationPlatforms) = postSolution
		{7852F631-6714-4D63-91F9-CB8650A577F1}.Debug|Any CPU.ActiveCfg = Debug|Any CPU
		{7852F631-6714-4D63-91F9-CB8650A577F1}.Debug|Any CPU.Build.0 = Debug|Any CPU
		{7852F631-6714-4D63-91F9-CB8650A577F1}.Release|Any CPU.ActiveCfg = Release|Any CPU
		{7852F631-6714-4D63-91F9-CB8650A577F1}.Release|Any CPU.Build.0 = Release|Any CPU
	EndGlobalSection
	GlobalSection(SolutionProperties) = preSolution
		HideSolutionNode = FALSE
	EndGlobalSection
	GlobalSection(ExtensibilityGlobals) = postSolution
		SolutionGuid = {55B9949E-1598-42BD-A80B-BFF0065763C6}
	EndGlobalSection
EndGlobal
